<?xml version="1.0" encoding="utf-8"?>
<Project ToolsVersion="4.0" xmlns="http://schemas.microsoft.com/developer/msbuild/2003">
  <ItemGroup>
    <Filter Include="sources">
      <UniqueIdentifier>{4FC737F1-C7A5-4376-A066-2A32D752A2FF}</UniqueIdentifier>
      <Extensions>cpp;c;cc;cxx;def;odl;idl;hpj;bat;asm;asmx</Extensions>
    </Filter>
  </ItemGroup>
  <ItemGroup>
    <ClCompile Include="..\Sample_UVShader\Sample_UVShader.cpp">
      <Filter>sources</Filter>
    </ClCompile>
    <ClCompile Include="..\..\UniVersalShader\ExpressionParser.cpp">
      <Filter>sources</Filter>
    </ClCompile>
    <ClCompile Include="..\Sample_UVShader\TestParseFromFile.cpp">
      <Filter>sources</Filter>
    </ClCompile>
    <ClCompile Include="..\Sample_UVShader\TestParseArithmeticExpression.cpp">
      <Filter>sources</Filter>
    </ClCompile>
    <ClCompile Include="..\Sample_UVShader\ExpressionSample.cpp">
      <Filter>sources</Filter>
    </ClCompile>
    <ClCompile Include="..\..\UniVersalShader\ArithmeticExpression.cpp">
      <Filter>sources</Filter>
    </ClCompile>
    <ClCompile Include="..\..\UniVersalShader\ArithmeticExpr_static.cpp">
      <Filter>sources</Filter>
    </ClCompile>
  </ItemGroup>
  <ItemGroup>
    <ClInclude Include="..\..\UniVersalShader\ExpressionParser.h">
      <Filter>sources</Filter>
    </ClInclude>
    <ClInclude Include="..\..\UniVersalShader\ArithmeticExpression.h" />
  </ItemGroup>
</Project>