<?xml version="1.0" encoding="utf-8"?>
<Project ToolsVersion="4.0" xmlns="http://schemas.microsoft.com/developer/msbuild/2003">
  <ItemGroup>
    <Filter Include="Include">
      <UniqueIdentifier>{58cbde01-9a96-4e89-80f0-b01c57ef8957}</UniqueIdentifier>
    </Filter>
    <Filter Include="Include\GrapX">
      <UniqueIdentifier>{53cb4a04-6e78-4943-9eb2-94851e0f54a5}</UniqueIdentifier>
    </Filter>
    <Filter Include="Lib">
      <UniqueIdentifier>{d6926fcd-2500-4d72-a903-f90ea4ebea71}</UniqueIdentifier>
    </Filter>
    <Filter Include="Lib\3D">
      <UniqueIdentifier>{23e1ad32-bb71-4f64-ad4d-0e56b17748c6}</UniqueIdentifier>
    </Filter>
    <Filter Include="Lib\Canvas">
      <UniqueIdentifier>{1f2e845d-69c8-4089-aec2-3cf3291d164c}</UniqueIdentifier>
    </Filter>
    <Filter Include="Lib\Controls">
      <UniqueIdentifier>{eb9ad77b-6040-4c32-9e7b-af36788d986b}</UniqueIdentifier>
    </Filter>
    <Filter Include="Lib\GDI">
      <UniqueIdentifier>{91b344c0-bb64-4558-97bc-e77e0972c08e}</UniqueIdentifier>
    </Filter>
    <Filter Include="Lib\User">
      <UniqueIdentifier>{c0940cb9-4dfa-411b-b324-62aad1755fc9}</UniqueIdentifier>
    </Filter>
    <Filter Include="Lib\Utility">
      <UniqueIdentifier>{1d609a7e-98a2-45a5-b953-21d84f7b9684}</UniqueIdentifier>
    </Filter>
    <Filter Include="Lib\Utility\HLSL">
      <UniqueIdentifier>{c174b1e7-d0ac-4443-94e3-68420213be39}</UniqueIdentifier>
    </Filter>
    <Filter Include="Platform">
      <UniqueIdentifier>{6b4595a9-e681-413f-8e08-422d94aa437e}</UniqueIdentifier>
    </Filter>
    <Filter Include="Platform\Win32_D3D9">
      <UniqueIdentifier>{07b17e20-c915-4846-993b-f5d2bfab27c2}</UniqueIdentifier>
    </Filter>
    <Filter Include="Platform\CommInline">
      <UniqueIdentifier>{88ade0c3-4379-4191-add9-aafdcc3145e3}</UniqueIdentifier>
    </Filter>
    <Filter Include="Platform\Win32_D3X11">
      <UniqueIdentifier>{c80041aa-b7f3-4ed5-8673-2e66f6f601bf}</UniqueIdentifier>
    </Filter>
  </ItemGroup>
  <ItemGroup>
    <ClInclude Include="$(MSBuildThisFileDirectory)..\..\..\include\GrapX.h">
      <Filter>Include</Filter>
    </ClInclude>
    <ClInclude Include="$(MSBuildThisFileDirectory)..\..\..\include\Marimo.h">
      <Filter>Include</Filter>
    </ClInclude>
    <ClInclude Include="$(MSBuildThisFileDirectory)..\..\..\include\GrapX\DataInfrastructure.h">
      <Filter>Include\GrapX</Filter>
    </ClInclude>
    <ClInclude Include="$(MSBuildThisFileDirectory)..\..\..\include\GrapX\DataPool.h">
      <Filter>Include\GrapX</Filter>
    </ClInclude>
    <ClInclude Include="$(MSBuildThisFileDirectory)..\..\..\include\GrapX\DataPoolIterator.h">
      <Filter>Include\GrapX</Filter>
    </ClInclude>
    <ClInclude Include="$(MSBuildThisFileDirectory)..\..\..\include\GrapX\DataPoolVariable.h">
      <Filter>Include\GrapX</Filter>
    </ClInclude>
    <ClInclude Include="$(MSBuildThisFileDirectory)..\..\..\include\GrapX\GBaseTypes.h">
      <Filter>Include\GrapX</Filter>
    </ClInclude>
    <ClInclude Include="$(MSBuildThisFileDirectory)..\..\..\include\GrapX\GCamera.h">
      <Filter>Include\GrapX</Filter>
    </ClInclude>
    <ClInclude Include="$(MSBuildThisFileDirectory)..\..\..\include\GrapX\GPrimitive.h">
      <Filter>Include\GrapX</Filter>
    </ClInclude>
    <ClInclude Include="$(MSBuildThisFileDirectory)..\..\..\include\GrapX\GrapVR.h">
      <Filter>Include\GrapX</Filter>
    </ClInclude>
    <ClInclude Include="$(MSBuildThisFileDirectory)..\..\..\include\GrapX\GRegion.h">
      <Filter>Include\GrapX</Filter>
    </ClInclude>
    <ClInclude Include="$(MSBuildThisFileDirectory)..\..\..\include\GrapX\GRect.h">
      <Filter>Include\GrapX</Filter>
    </ClInclude>
    <ClInclude Include="$(MSBuildThisFileDirectory)..\..\..\include\GrapX\GResource.h">
      <Filter>Include\GrapX</Filter>
    </ClInclude>
    <ClInclude Include="$(MSBuildThisFileDirectory)..\..\..\include\GrapX\GShader.h">
      <Filter>Include\GrapX</Filter>
    </ClInclude>
    <ClInclude Include="$(MSBuildThisFileDirectory)..\..\..\include\GrapX\GStateBlock.h">
      <Filter>Include\GrapX</Filter>
    </ClInclude>
    <ClInclude Include="$(MSBuildThisFileDirectory)..\..\..\include\GrapX\GTexture.h">
      <Filter>Include\GrapX</Filter>
    </ClInclude>
    <ClInclude Include="$(MSBuildThisFileDirectory)..\..\..\include\GrapX\GUnknown.h">
      <Filter>Include\GrapX</Filter>
    </ClInclude>
    <ClInclude Include="$(MSBuildThisFileDirectory)..\..\..\include\GrapX\guxtheme.h">
      <Filter>Include\GrapX</Filter>
    </ClInclude>
    <ClInclude Include="$(MSBuildThisFileDirectory)..\..\..\include\GrapX\gvGeometry.h">
      <Filter>Include\GrapX</Filter>
    </ClInclude>
    <ClInclude Include="$(MSBuildThisFileDirectory)..\..\..\include\GrapX\gvMesh.h">
      <Filter>Include\GrapX</Filter>
    </ClInclude>
    <ClInclude Include="$(MSBuildThisFileDirectory)..\..\..\include\GrapX\gvNode.h">
      <Filter>Include\GrapX</Filter>
    </ClInclude>
    <ClInclude Include="$(MSBuildThisFileDirectory)..\..\..\include\GrapX\gvScene.h">
      <Filter>Include\GrapX</Filter>
    </ClInclude>
    <ClInclude Include="$(MSBuildThisFileDirectory)..\..\..\include\GrapX\gvSceneMgr.h">
      <Filter>Include\GrapX</Filter>
    </ClInclude>
    <ClInclude Include="$(MSBuildThisFileDirectory)..\..\..\include\GrapX\gvSequence.h">
      <Filter>Include\GrapX</Filter>
    </ClInclude>
    <ClInclude Include="$(MSBuildThisFileDirectory)..\..\..\include\GrapX\gvSkeleton.h">
      <Filter>Include\GrapX</Filter>
    </ClInclude>
    <ClInclude Include="$(MSBuildThisFileDirectory)..\..\..\include\GrapX\gvSkinnedMesh.h">
      <Filter>Include\GrapX</Filter>
    </ClInclude>
    <ClInclude Include="$(MSBuildThisFileDirectory)..\..\..\include\GrapX\GXCanvas.h">
      <Filter>Include\GrapX</Filter>
    </ClInclude>
    <ClInclude Include="$(MSBuildThisFileDirectory)..\..\..\include\GrapX\GXCanvas3D.h">
      <Filter>Include\GrapX</Filter>
    </ClInclude>
    <ClInclude Include="$(MSBuildThisFileDirectory)..\..\..\include\GrapX\gxDevice.h">
      <Filter>Include\GrapX</Filter>
    </ClInclude>
    <ClInclude Include="$(MSBuildThisFileDirectory)..\..\..\include\GrapX\gxError.h">
      <Filter>Include\GrapX</Filter>
    </ClInclude>
    <ClInclude Include="$(MSBuildThisFileDirectory)..\..\..\include\GrapX\GXFont.h">
      <Filter>Include\GrapX</Filter>
    </ClInclude>
    <ClInclude Include="$(MSBuildThisFileDirectory)..\..\..\include\GrapX\GXGDI.h">
      <Filter>Include\GrapX</Filter>
    </ClInclude>
    <ClInclude Include="$(MSBuildThisFileDirectory)..\..\..\include\GrapX\GXGraphics.h">
      <Filter>Include\GrapX</Filter>
    </ClInclude>
    <ClInclude Include="$(MSBuildThisFileDirectory)..\..\..\include\GrapX\GXImage.h">
      <Filter>Include\GrapX</Filter>
    </ClInclude>
    <ClInclude Include="$(MSBuildThisFileDirectory)..\..\..\include\GrapX\GXImm.h">
      <Filter>Include\GrapX</Filter>
    </ClInclude>
    <ClInclude Include="$(MSBuildThisFileDirectory)..\..\..\include\GrapX\GXKernel.h">
      <Filter>Include\GrapX</Filter>
    </ClInclude>
    <ClInclude Include="$(MSBuildThisFileDirectory)..\..\..\include\GrapX\GXSprite.h">
      <Filter>Include\GrapX</Filter>
    </ClInclude>
    <ClInclude Include="$(MSBuildThisFileDirectory)..\..\..\include\GrapX\GXUser.h">
      <Filter>Include\GrapX</Filter>
    </ClInclude>
    <ClInclude Include="$(MSBuildThisFileDirectory)..\..\..\include\GrapX\MOBehavior.h">
      <Filter>Include\GrapX</Filter>
    </ClInclude>
    <ClInclude Include="$(MSBuildThisFileDirectory)..\..\..\include\GrapX\MOComponent.h">
      <Filter>Include\GrapX</Filter>
    </ClInclude>
    <ClInclude Include="$(MSBuildThisFileDirectory)..\..\..\include\GrapX\MOConsoleStaff.h">
      <Filter>Include\GrapX</Filter>
    </ClInclude>
    <ClInclude Include="$(MSBuildThisFileDirectory)..\..\..\include\GrapX\MOLogger.h">
      <Filter>Include\GrapX</Filter>
    </ClInclude>
    <ClInclude Include="$(MSBuildThisFileDirectory)..\..\..\include\GrapX\MOSprite.h">
      <Filter>Include\GrapX</Filter>
    </ClInclude>
    <ClInclude Include="$(MSBuildThisFileDirectory)..\..\..\include\GrapX\Platform.h">
      <Filter>Include\GrapX</Filter>
    </ClInclude>
    <ClInclude Include="$(MSBuildThisFileDirectory)..\..\..\include\GrapX\StdMtl.h">
      <Filter>Include\GrapX</Filter>
    </ClInclude>
    <ClInclude Include="$(MSBuildThisFileDirectory)..\..\..\include\GrapX\VertexDecl.h">
      <Filter>Include\GrapX</Filter>
    </ClInclude>
    <ClInclude Include="$(MSBuildThisFileDirectory)..\..\..\include\GrapX\WineComm.h">
      <Filter>Include\GrapX</Filter>
    </ClInclude>
    <ClInclude Include="$(MSBuildThisFileDirectory)..\..\..\include\GrapX\WineDragListDef.h">
      <Filter>Include\GrapX</Filter>
    </ClInclude>
    <ClInclude Include="$(MSBuildThisFileDirectory)..\..\..\include\GrapX\WinePagerDef.h">
      <Filter>Include\GrapX</Filter>
    </ClInclude>
    <ClInclude Include="$(MSBuildThisFileDirectory)..\..\..\include\GrapX\WineToolbarDef.h">
      <Filter>Include\GrapX</Filter>
    </ClInclude>
    <ClInclude Include="$(MSBuildThisFileDirectory)..\..\..\include\GrapX\WineToolTipsDef.h">
      <Filter>Include\GrapX</Filter>
    </ClInclude>
    <ClInclude Include="$(MSBuildThisFileDirectory)..\..\..\include\GrapX\WineTreeViewDef.h">
      <Filter>Include\GrapX</Filter>
    </ClInclude>
    <ClInclude Include="$(MSBuildThisFileDirectory)..\..\Console.h">
      <Filter>Lib</Filter>
    </ClInclude>
    <ClInclude Include="$(MSBuildThisFileDirectory)..\..\GXStation.h">
      <Filter>Lib</Filter>
    </ClInclude>
    <ClInclude Include="$(MSBuildThisFileDirectory)..\..\3D\gvEnvironment.h">
      <Filter>Lib\3D</Filter>
    </ClInclude>
    <ClInclude Include="$(MSBuildThisFileDirectory)..\..\Canvas\GFTFontImpl.h">
      <Filter>Lib\Canvas</Filter>
    </ClInclude>
    <ClInclude Include="$(MSBuildThisFileDirectory)..\..\Canvas\GXCanvas3DImpl.h">
      <Filter>Lib\Canvas</Filter>
    </ClInclude>
    <ClInclude Include="$(MSBuildThisFileDirectory)..\..\Canvas\GXCanvasCoreImpl.h">
      <Filter>Lib\Canvas</Filter>
    </ClInclude>
    <ClInclude Include="$(MSBuildThisFileDirectory)..\..\Canvas\GXEffectImpl.h">
      <Filter>Lib\Canvas</Filter>
    </ClInclude>
    <ClInclude Include="$(MSBuildThisFileDirectory)..\..\Canvas\GXImageImpl.h">
      <Filter>Lib\Canvas</Filter>
    </ClInclude>
    <ClInclude Include="$(MSBuildThisFileDirectory)..\..\Canvas\GXMaterialImpl.h">
      <Filter>Lib\Canvas</Filter>
    </ClInclude>
    <ClInclude Include="$(MSBuildThisFileDirectory)..\..\Canvas\GXResourceMgr.h">
      <Filter>Lib\Canvas</Filter>
    </ClInclude>
    <ClInclude Include="$(MSBuildThisFileDirectory)..\..\Canvas\GXSpriteImpl.h">
      <Filter>Lib\Canvas</Filter>
    </ClInclude>
    <ClInclude Include="$(MSBuildThisFileDirectory)..\..\Canvas\MOSpriteImpl.h">
      <Filter>Lib\Canvas</Filter>
    </ClInclude>
    <ClInclude Include="$(MSBuildThisFileDirectory)..\..\Controls\GXUIButton.h">
      <Filter>Lib\Controls</Filter>
    </ClInclude>
    <ClInclude Include="$(MSBuildThisFileDirectory)..\..\Controls\GXUICtrlBase.h">
      <Filter>Lib\Controls</Filter>
    </ClInclude>
    <ClInclude Include="$(MSBuildThisFileDirectory)..\..\Controls\GXUIList.h">
      <Filter>Lib\Controls</Filter>
    </ClInclude>
    <ClInclude Include="$(MSBuildThisFileDirectory)..\..\Controls\GXUIList_Simple.h">
      <Filter>Lib\Controls</Filter>
    </ClInclude>
    <ClInclude Include="$(MSBuildThisFileDirectory)..\..\Controls\GXUIRichList.h">
      <Filter>Lib\Controls</Filter>
    </ClInclude>
    <ClInclude Include="$(MSBuildThisFileDirectory)..\..\Controls\GXUISlider.h">
      <Filter>Lib\Controls</Filter>
    </ClInclude>
    <ClInclude Include="$(MSBuildThisFileDirectory)..\..\Controls\GXUIStatic.h">
      <Filter>Lib\Controls</Filter>
    </ClInclude>
    <ClInclude Include="$(MSBuildThisFileDirectory)..\..\Controls\GXUIToolbar.h">
      <Filter>Lib\Controls</Filter>
    </ClInclude>
    <ClInclude Include="$(MSBuildThisFileDirectory)..\..\Controls\PropertyList.h">
      <Filter>Lib\Controls</Filter>
    </ClInclude>
    <ClInclude Include="$(MSBuildThisFileDirectory)..\..\Controls\PropertySheet.h">
      <Filter>Lib\Controls</Filter>
    </ClInclude>
    <ClInclude Include="$(MSBuildThisFileDirectory)..\..\Controls\RichListAdapter.h">
      <Filter>Lib\Controls</Filter>
    </ClInclude>
    <ClInclude Include="$(MSBuildThisFileDirectory)..\..\Controls\ListDataAdapter.h">
      <Filter>Lib\Controls</Filter>
    </ClInclude>
    <ClInclude Include="$(MSBuildThisFileDirectory)..\..\GDI\GRegionImpl.h">
      <Filter>Lib\GDI</Filter>
    </ClInclude>
    <ClInclude Include="$(MSBuildThisFileDirectory)..\..\GDI\GXShaderMgr.h">
      <Filter>Lib\GDI</Filter>
    </ClInclude>
    <ClInclude Include="$(MSBuildThisFileDirectory)..\..\GDI\RegionFunc.h">
      <Filter>Lib\GDI</Filter>
    </ClInclude>
    <ClInclude Include="$(MSBuildThisFileDirectory)..\..\User\DataPoolBuildTime.h">
      <Filter>Lib\User</Filter>
    </ClInclude>
    <ClInclude Include="$(MSBuildThisFileDirectory)..\..\User\DataPoolErrorMsg.h">
      <Filter>Lib\User</Filter>
    </ClInclude>
    <ClInclude Include="$(MSBuildThisFileDirectory)..\..\User\DataPoolImpl.h">
      <Filter>Lib\User</Filter>
    </ClInclude>
    <ClInclude Include="$(MSBuildThisFileDirectory)..\..\User\DesktopWindowsMgr.h">
      <Filter>Lib\User</Filter>
    </ClInclude>
    <ClInclude Include="$(MSBuildThisFileDirectory)..\..\User\GrapX.hxx">
      <Filter>Lib\User</Filter>
    </ClInclude>
    <ClInclude Include="$(MSBuildThisFileDirectory)..\..\User\GrapXDef.h">
      <Filter>Lib\User</Filter>
    </ClInclude>
    <ClInclude Include="$(MSBuildThisFileDirectory)..\..\User\gxAdvancedUI.h">
      <Filter>Lib\User</Filter>
    </ClInclude>
    <ClInclude Include="$(MSBuildThisFileDirectory)..\..\User\gxMessage.hxx">
      <Filter>Lib\User</Filter>
    </ClInclude>
    <ClInclude Include="$(MSBuildThisFileDirectory)..\..\User\gxusp10.h">
      <Filter>Lib\User</Filter>
    </ClInclude>
    <ClInclude Include="$(MSBuildThisFileDirectory)..\..\User\gxWinDef.h">
      <Filter>Lib\User</Filter>
    </ClInclude>
    <ClInclude Include="$(MSBuildThisFileDirectory)..\..\User\GXWindow.h">
      <Filter>Lib\User</Filter>
    </ClInclude>
    <ClInclude Include="$(MSBuildThisFileDirectory)..\..\User\ResDataMgr.h">
      <Filter>Lib\User</Filter>
    </ClInclude>
    <ClInclude Include="$(MSBuildThisFileDirectory)..\..\User\RichFXMgr.h">
      <Filter>Lib\User</Filter>
    </ClInclude>
    <ClInclude Include="$(MSBuildThisFileDirectory)..\..\User\ScrollBar.h">
      <Filter>Lib\User</Filter>
    </ClInclude>
    <ClInclude Include="$(MSBuildThisFileDirectory)..\..\User\UILayoutMgr.h">
      <Filter>Lib\User</Filter>
    </ClInclude>
    <ClInclude Include="$(MSBuildThisFileDirectory)..\..\User\Win32Emu\GUXTheme.hxx">
      <Filter>Lib\User</Filter>
    </ClInclude>
    <ClInclude Include="$(MSBuildThisFileDirectory)..\..\User\Win32Emu\guxtheme\Button_ID_BP.h">
      <Filter>Lib\User</Filter>
    </ClInclude>
    <ClInclude Include="$(MSBuildThisFileDirectory)..\..\User\Win32Emu\guxtheme\ScrollBar_ID_SBP.h">
      <Filter>Lib\User</Filter>
    </ClInclude>
    <ClInclude Include="$(MSBuildThisFileDirectory)..\..\User\Win32Emu\GXCommCtrl.h">
      <Filter>Lib\User</Filter>
    </ClInclude>
    <ClInclude Include="$(MSBuildThisFileDirectory)..\..\User\Win32Emu\OpenFileName.h">
      <Filter>Lib\User</Filter>
    </ClInclude>
    <ClInclude Include="$(MSBuildThisFileDirectory)..\..\User\Win32Emu\_dpa.h">
      <Filter>Lib\User</Filter>
    </ClInclude>
    <ClInclude Include="$(MSBuildThisFileDirectory)..\..\User\Win32Emu\_imagelist.h">
      <Filter>Lib\User</Filter>
    </ClInclude>
    <ClInclude Include="$(MSBuildThisFileDirectory)..\..\User\WindowsSurface.h">
      <Filter>Lib\User</Filter>
    </ClInclude>
    <ClInclude Include="$(MSBuildThisFileDirectory)..\..\Utility\AeroCommon.h">
      <Filter>Lib\Utility</Filter>
    </ClInclude>
    <ClInclude Include="$(MSBuildThisFileDirectory)..\..\Utility\ConsoleAssistant.h">
      <Filter>Lib\Utility</Filter>
    </ClInclude>
    <ClInclude Include="$(MSBuildThisFileDirectory)..\..\Utility\HLSL\FXCommRegister.h">
      <Filter>Lib\Utility</Filter>
    </ClInclude>
    <ClInclude Include="$(MSBuildThisFileDirectory)..\..\Utility\LogMgr.h">
      <Filter>Lib\Utility</Filter>
    </ClInclude>
    <ClInclude Include="$(MSBuildThisFileDirectory)..\..\Utility\Shader\AeroShader.h">
      <Filter>Lib\Utility</Filter>
    </ClInclude>
    <ClInclude Include="$(MSBuildThisFileDirectory)..\..\Utility\Shader\BlurShader.h">
      <Filter>Lib\Utility</Filter>
    </ClInclude>
    <ClInclude Include="$(MSBuildThisFileDirectory)..\..\Utility\Shader\SimpleShader.h">
      <Filter>Lib\Utility</Filter>
    </ClInclude>
    <ClInclude Include="$(MSBuildThisFileDirectory)..\..\Platform\Win32_D3D11.h">
      <Filter>Platform</Filter>
    </ClInclude>
    <ClInclude Include="$(MSBuildThisFileDirectory)..\..\Platform\Win32_D3D9.h">
      <Filter>Platform</Filter>
    </ClInclude>
    <ClInclude Include="$(MSBuildThisFileDirectory)..\..\Platform\Win32_XXX.h">
      <Filter>Platform</Filter>
    </ClInclude>
    <ClInclude Include="$(MSBuildThisFileDirectory)..\..\Platform\Win32_D3D9\GPrimitiveImpl_d3d9.h">
      <Filter>Platform\Win32_D3D9</Filter>
    </ClInclude>
    <ClInclude Include="$(MSBuildThisFileDirectory)..\..\Platform\Win32_D3D9\GShaderImpl_d3d9.h">
      <Filter>Platform\Win32_D3D9</Filter>
    </ClInclude>
    <ClInclude Include="$(MSBuildThisFileDirectory)..\..\Platform\Win32_D3D9\GShaderStubImpl_d3d9.h">
      <Filter>Platform\Win32_D3D9</Filter>
    </ClInclude>
    <ClInclude Include="$(MSBuildThisFileDirectory)..\..\Platform\Win32_D3D9\GStateBlock_d3d9.h">
      <Filter>Platform\Win32_D3D9</Filter>
    </ClInclude>
    <ClInclude Include="$(MSBuildThisFileDirectory)..\..\Platform\Win32_D3D9\GTexture3DImpl_d3d9.h">
      <Filter>Platform\Win32_D3D9</Filter>
    </ClInclude>
    <ClInclude Include="$(MSBuildThisFileDirectory)..\..\Platform\Win32_D3D9\GTextureImpl_d3d9.h">
      <Filter>Platform\Win32_D3D9</Filter>
    </ClInclude>
    <ClInclude Include="$(MSBuildThisFileDirectory)..\..\Platform\Win32_D3D9\GVertexDeclImpl_d3d9.h">
      <Filter>Platform\Win32_D3D9</Filter>
    </ClInclude>
    <ClInclude Include="$(MSBuildThisFileDirectory)..\..\Platform\Win32_D3D9\GXCanvasImpl_d3d9.h">
      <Filter>Platform\Win32_D3D9</Filter>
    </ClInclude>
    <ClInclude Include="$(MSBuildThisFileDirectory)..\..\Platform\Win32_D3D9\GXGraphicsImpl_d3d9.h">
      <Filter>Platform\Win32_D3D9</Filter>
    </ClInclude>
    <ClInclude Include="$(MSBuildThisFileDirectory)..\..\Platform\Win32_D3D11\GPrimitiveImpl_d3d11.h">
      <Filter>Platform\Win32_D3X11</Filter>
    </ClInclude>
    <ClInclude Include="$(MSBuildThisFileDirectory)..\..\Platform\Win32_D3D11\GShaderImpl_d3d11.h">
      <Filter>Platform\Win32_D3X11</Filter>
    </ClInclude>
    <ClInclude Include="$(MSBuildThisFileDirectory)..\..\Platform\Win32_D3D11\GShaderStubImpl_d3d11.h">
      <Filter>Platform\Win32_D3X11</Filter>
    </ClInclude>
    <ClInclude Include="$(MSBuildThisFileDirectory)..\..\Platform\Win32_D3D11\GStateBlock_d3d11.h">
      <Filter>Platform\Win32_D3X11</Filter>
    </ClInclude>
    <ClInclude Include="$(MSBuildThisFileDirectory)..\..\Platform\Win32_D3D11\GTextureImpl_d3d11.h">
      <Filter>Platform\Win32_D3X11</Filter>
    </ClInclude>
    <ClInclude Include="$(MSBuildThisFileDirectory)..\..\Platform\Win32_D3D11\GVertexDeclImpl_d3d11.h">
      <Filter>Platform\Win32_D3X11</Filter>
    </ClInclude>
    <ClInclude Include="$(MSBuildThisFileDirectory)..\..\Platform\Win32_D3D11\GXCanvasImpl_d3d11.h">
      <Filter>Platform\Win32_D3X11</Filter>
    </ClInclude>
    <ClInclude Include="$(MSBuildThisFileDirectory)..\..\Platform\Win32_D3D11\GXGraphicsImpl_d3d11.h">
      <Filter>Platform\Win32_D3X11</Filter>
    </ClInclude>
  </ItemGroup>
  <ItemGroup>
    <ClCompile Include="$(MSBuildThisFileDirectory)..\..\Console.cpp">
      <Filter>Lib</Filter>
    </ClCompile>
    <ClCompile Include="$(MSBuildThisFileDirectory)..\..\gxDevice.cpp">
      <Filter>Lib</Filter>
    </ClCompile>
    <ClCompile Include="$(MSBuildThisFileDirectory)..\..\GXStation.cpp">
      <Filter>Lib</Filter>
    </ClCompile>
    <ClCompile Include="$(MSBuildThisFileDirectory)..\..\gxUtility.cpp">
      <Filter>Lib</Filter>
    </ClCompile>
    <ClCompile Include="$(MSBuildThisFileDirectory)..\..\3D\gvEnvironment.cpp">
      <Filter>Lib\3D</Filter>
    </ClCompile>
    <ClCompile Include="$(MSBuildThisFileDirectory)..\..\3D\gvGeometry.cpp">
      <Filter>Lib\3D</Filter>
    </ClCompile>
    <ClCompile Include="$(MSBuildThisFileDirectory)..\..\3D\gvMesh.cpp">
      <Filter>Lib\3D</Filter>
    </ClCompile>
    <ClCompile Include="$(MSBuildThisFileDirectory)..\..\3D\gvNode.cpp">
      <Filter>Lib\3D</Filter>
    </ClCompile>
    <ClCompile Include="$(MSBuildThisFileDirectory)..\..\3D\gvScene.cpp">
      <Filter>Lib\3D</Filter>
    </ClCompile>
    <ClCompile Include="$(MSBuildThisFileDirectory)..\..\3D\gvSceneMgr.cpp">
      <Filter>Lib\3D</Filter>
    </ClCompile>
    <ClCompile Include="$(MSBuildThisFileDirectory)..\..\3D\gvSequence.cpp">
      <Filter>Lib\3D</Filter>
    </ClCompile>
    <ClCompile Include="$(MSBuildThisFileDirectory)..\..\3D\gvSkeleton.cpp">
      <Filter>Lib\3D</Filter>
    </ClCompile>
    <ClCompile Include="$(MSBuildThisFileDirectory)..\..\3D\gvSkinnedMesh.cpp">
      <Filter>Lib\3D</Filter>
    </ClCompile>
    <ClCompile Include="$(MSBuildThisFileDirectory)..\..\Canvas\GCamera.cpp">
      <Filter>Lib\Canvas</Filter>
    </ClCompile>
    <ClCompile Include="$(MSBuildThisFileDirectory)..\..\Canvas\GFTFontImpl.cpp">
      <Filter>Lib\Canvas</Filter>
    </ClCompile>
    <ClCompile Include="$(MSBuildThisFileDirectory)..\..\Canvas\GXCanvas_Painting.cpp">
      <Filter>Lib\Canvas</Filter>
    </ClCompile>
    <ClCompile Include="$(MSBuildThisFileDirectory)..\..\Canvas\GXEffectImpl.cpp">
      <Filter>Lib\Canvas</Filter>
    </ClCompile>
    <ClCompile Include="$(MSBuildThisFileDirectory)..\..\Canvas\GXImageImpl.cpp">
      <Filter>Lib\Canvas</Filter>
    </ClCompile>
    <ClCompile Include="$(MSBuildThisFileDirectory)..\..\Canvas\GXMaterialImpl.cpp">
      <Filter>Lib\Canvas</Filter>
    </ClCompile>
    <ClCompile Include="$(MSBuildThisFileDirectory)..\..\Canvas\GXResourceMgr.cpp">
      <Filter>Lib\Canvas</Filter>
    </ClCompile>
    <ClCompile Include="$(MSBuildThisFileDirectory)..\..\Canvas\GXSpriteImpl.cpp">
      <Filter>Lib\Canvas</Filter>
    </ClCompile>
    <ClCompile Include="$(MSBuildThisFileDirectory)..\..\Canvas\GXSpriteMan.cpp">
      <Filter>Lib\Canvas</Filter>
    </ClCompile>
    <ClCompile Include="$(MSBuildThisFileDirectory)..\..\Canvas\GXWndCanvas.cpp">
      <Filter>Lib\Canvas</Filter>
    </ClCompile>
    <ClCompile Include="$(MSBuildThisFileDirectory)..\..\Canvas\MOSpriteImpl.cpp">
      <Filter>Lib\Canvas</Filter>
    </ClCompile>
    <ClCompile Include="$(MSBuildThisFileDirectory)..\..\Canvas\MOSpriteManf.cpp">
      <Filter>Lib\Canvas</Filter>
    </ClCompile>
    <ClCompile Include="$(MSBuildThisFileDirectory)..\..\Controls\GXUIButton.cpp">
      <Filter>Lib\Controls</Filter>
    </ClCompile>
    <ClCompile Include="$(MSBuildThisFileDirectory)..\..\Controls\GXUICtrlBase.cpp">
      <Filter>Lib\Controls</Filter>
    </ClCompile>
    <ClCompile Include="$(MSBuildThisFileDirectory)..\..\Controls\GXUIEdit_WE1.3.30.cpp">
      <Filter>Lib\Controls</Filter>
    </ClCompile>
    <ClCompile Include="$(MSBuildThisFileDirectory)..\..\Controls\GXUIEdit_WE1.9.4.cpp">
      <Filter>Lib\Controls</Filter>
    </ClCompile>
    <ClCompile Include="$(MSBuildThisFileDirectory)..\..\Controls\GXUIList.cpp">
      <Filter>Lib\Controls</Filter>
    </ClCompile>
    <ClCompile Include="$(MSBuildThisFileDirectory)..\..\Controls\GXUIList_Simple.cpp">
      <Filter>Lib\Controls</Filter>
    </ClCompile>
    <ClCompile Include="$(MSBuildThisFileDirectory)..\..\Controls\GXUIRichList.cpp">
      <Filter>Lib\Controls</Filter>
    </ClCompile>
    <ClCompile Include="$(MSBuildThisFileDirectory)..\..\Controls\GXUISlider.cpp">
      <Filter>Lib\Controls</Filter>
    </ClCompile>
    <ClCompile Include="$(MSBuildThisFileDirectory)..\..\Controls\GXUIStatic.cpp">
      <Filter>Lib\Controls</Filter>
    </ClCompile>
    <ClCompile Include="$(MSBuildThisFileDirectory)..\..\Controls\GXUIToolbar.cpp">
      <Filter>Lib\Controls</Filter>
    </ClCompile>
    <ClCompile Include="$(MSBuildThisFileDirectory)..\..\Controls\PropertyList.cpp">
      <Filter>Lib\Controls</Filter>
    </ClCompile>
    <ClCompile Include="$(MSBuildThisFileDirectory)..\..\Controls\PropertySheet.cpp">
      <Filter>Lib\Controls</Filter>
    </ClCompile>
    <ClCompile Include="$(MSBuildThisFileDirectory)..\..\Controls\ListDataAdapter.cpp">
      <Filter>Lib\Controls</Filter>
    </ClCompile>
    <ClCompile Include="$(MSBuildThisFileDirectory)..\..\GDI\GRegionImpl.cpp">
      <Filter>Lib\GDI</Filter>
    </ClCompile>
    <ClCompile Include="$(MSBuildThisFileDirectory)..\..\GDI\GXShaderMgr.cpp">
      <Filter>Lib\GDI</Filter>
    </ClCompile>
    <ClCompile Include="$(MSBuildThisFileDirectory)..\..\GDI\RegionFunc.cpp">
      <Filter>Lib\GDI</Filter>
    </ClCompile>
    <ClCompile Include="$(MSBuildThisFileDirectory)..\..\User\DataInfrastructure.cpp">
      <Filter>Lib\User</Filter>
    </ClCompile>
    <ClCompile Include="$(MSBuildThisFileDirectory)..\..\User\DataPool.cpp">
      <Filter>Lib\User</Filter>
    </ClCompile>
    <ClCompile Include="$(MSBuildThisFileDirectory)..\..\User\DataPoolBuildTime.cpp">
      <Filter>Lib\User</Filter>
    </ClCompile>
    <ClCompile Include="$(MSBuildThisFileDirectory)..\..\User\DataPoolCompiler.cpp">
      <Filter>Lib\User</Filter>
    </ClCompile>
    <ClCompile Include="$(MSBuildThisFileDirectory)..\..\User\DataPoolErrorMsg.cpp">
      <Filter>Lib\User</Filter>
    </ClCompile>
    <ClCompile Include="$(MSBuildThisFileDirectory)..\..\User\DataPoolImpl.cpp">
      <Filter>Lib\User</Filter>
    </ClCompile>
    <ClCompile Include="$(MSBuildThisFileDirectory)..\..\User\DataPoolIterator.cpp">
      <Filter>Lib\User</Filter>
    </ClCompile>
    <ClCompile Include="$(MSBuildThisFileDirectory)..\..\User\DataPoolVariable.cpp">
      <Filter>Lib\User</Filter>
    </ClCompile>
    <ClCompile Include="$(MSBuildThisFileDirectory)..\..\User\DesktopWindowsMgr.cpp">
      <Filter>Lib\User</Filter>
    </ClCompile>
    <ClCompile Include="$(MSBuildThisFileDirectory)..\..\User\GrapX.cpp">
      <Filter>Lib\User</Filter>
    </ClCompile>
    <ClCompile Include="$(MSBuildThisFileDirectory)..\..\User\GrapXDef.cpp">
      <Filter>Lib\User</Filter>
    </ClCompile>
    <ClCompile Include="$(MSBuildThisFileDirectory)..\..\User\gxAdvancedUI.cpp">
      <Filter>Lib\User</Filter>
    </ClCompile>
    <ClCompile Include="$(MSBuildThisFileDirectory)..\..\User\gxWinConstant.cpp">
      <Filter>Lib\User</Filter>
    </ClCompile>
    <ClCompile Include="$(MSBuildThisFileDirectory)..\..\User\GXWindow.cpp">
      <Filter>Lib\User</Filter>
    </ClCompile>
    <ClCompile Include="$(MSBuildThisFileDirectory)..\..\User\ResDataMgr.cpp">
      <Filter>Lib\User</Filter>
    </ClCompile>
    <ClCompile Include="$(MSBuildThisFileDirectory)..\..\User\RichFXMgr.cpp">
      <Filter>Lib\User</Filter>
    </ClCompile>
    <ClCompile Include="$(MSBuildThisFileDirectory)..\..\User\ScrollBar.cpp">
      <Filter>Lib\User</Filter>
    </ClCompile>
    <ClCompile Include="$(MSBuildThisFileDirectory)..\..\User\UILayoutMgr.cpp">
      <Filter>Lib\User</Filter>
    </ClCompile>
    <ClCompile Include="$(MSBuildThisFileDirectory)..\..\User\Win32Emu\casemap.cpp">
      <Filter>Lib\User</Filter>
    </ClCompile>
    <ClCompile Include="$(MSBuildThisFileDirectory)..\..\User\Win32Emu\CommonDialogWndProc.cpp">
      <Filter>Lib\User</Filter>
    </ClCompile>
    <ClCompile Include="$(MSBuildThisFileDirectory)..\..\User\Win32Emu\guxtheme.cpp">
      <Filter>Lib\User</Filter>
    </ClCompile>
    <ClCompile Include="$(MSBuildThisFileDirectory)..\..\User\Win32Emu\guxtheme\guxtheme_Button.cpp">
      <Filter>Lib\User</Filter>
    </ClCompile>
    <ClCompile Include="$(MSBuildThisFileDirectory)..\..\User\Win32Emu\guxtheme\guxtheme_ScrollBar.cpp">
      <Filter>Lib\User</Filter>
    </ClCompile>
    <ClCompile Include="$(MSBuildThisFileDirectory)..\..\User\Win32Emu\guxtheme\guxtheme_Window.cpp">
      <Filter>Lib\User</Filter>
    </ClCompile>
    <ClCompile Include="$(MSBuildThisFileDirectory)..\..\User\Win32Emu\GXCommCtrl.cpp">
      <Filter>Lib\User</Filter>
    </ClCompile>
    <ClCompile Include="$(MSBuildThisFileDirectory)..\..\User\Win32Emu\gxCreateDialog.cpp">
      <Filter>Lib\User</Filter>
    </ClCompile>
    <ClCompile Include="$(MSBuildThisFileDirectory)..\..\User\Win32Emu\gxDefWindowProc.cpp">
      <Filter>Lib\User</Filter>
    </ClCompile>
    <ClCompile Include="$(MSBuildThisFileDirectory)..\..\User\Win32Emu\GXGDI.cpp">
      <Filter>Lib\User</Filter>
    </ClCompile>
    <ClCompile Include="$(MSBuildThisFileDirectory)..\..\User\Win32Emu\GXImm.cpp">
      <Filter>Lib\User</Filter>
    </ClCompile>
    <ClCompile Include="$(MSBuildThisFileDirectory)..\..\User\Win32Emu\GXKernel.cpp">
      <Filter>Lib\User</Filter>
    </ClCompile>
    <ClCompile Include="$(MSBuildThisFileDirectory)..\..\User\Win32Emu\GXUser.cpp">
      <Filter>Lib\User</Filter>
    </ClCompile>
    <ClCompile Include="$(MSBuildThisFileDirectory)..\..\User\Win32Emu\GXUser_Caret.cpp">
      <Filter>Lib\User</Filter>
    </ClCompile>
    <ClCompile Include="$(MSBuildThisFileDirectory)..\..\User\Win32Emu\GXUser_Class.cpp">
      <Filter>Lib\User</Filter>
    </ClCompile>
    <ClCompile Include="$(MSBuildThisFileDirectory)..\..\User\Win32Emu\GXUser_ClipBoard.cpp">
      <Filter>Lib\User</Filter>
    </ClCompile>
    <ClCompile Include="$(MSBuildThisFileDirectory)..\..\User\Win32Emu\GXUser_ExDC.cpp">
      <Filter>Lib\User</Filter>
    </ClCompile>
    <ClCompile Include="$(MSBuildThisFileDirectory)..\..\User\Win32Emu\GXUser_Menu.cpp">
      <Filter>Lib\User</Filter>
    </ClCompile>
    <ClCompile Include="$(MSBuildThisFileDirectory)..\..\User\Win32Emu\GXUser_Message.cpp">
      <Filter>Lib\User</Filter>
    </ClCompile>
    <ClCompile Include="$(MSBuildThisFileDirectory)..\..\User\Win32Emu\GXUser_Property.cpp">
      <Filter>Lib\User</Filter>
    </ClCompile>
    <ClCompile Include="$(MSBuildThisFileDirectory)..\..\User\Win32Emu\GXUser_rect.cpp">
      <Filter>Lib\User</Filter>
    </ClCompile>
    <ClCompile Include="$(MSBuildThisFileDirectory)..\..\User\Win32Emu\GXUser_Region.cpp">
      <Filter>Lib\User</Filter>
    </ClCompile>
    <ClCompile Include="$(MSBuildThisFileDirectory)..\..\User\Win32Emu\GXUser_Scroll.cpp">
      <Filter>Lib\User</Filter>
    </ClCompile>
    <ClCompile Include="$(MSBuildThisFileDirectory)..\..\User\Win32Emu\GXUser_Timer.cpp">
      <Filter>Lib\User</Filter>
    </ClCompile>
    <ClCompile Include="$(MSBuildThisFileDirectory)..\..\User\Win32Emu\GXUser_Wnd.cpp">
      <Filter>Lib\User</Filter>
    </ClCompile>
    <ClCompile Include="$(MSBuildThisFileDirectory)..\..\User\Win32Emu\MessageBox.cpp">
      <Filter>Lib\User</Filter>
    </ClCompile>
    <ClCompile Include="$(MSBuildThisFileDirectory)..\..\User\Win32Emu\OpenFileName.cpp">
      <Filter>Lib\User</Filter>
    </ClCompile>
    <ClCompile Include="$(MSBuildThisFileDirectory)..\..\User\Win32Emu\_dpa.cpp">
      <Filter>Lib\User</Filter>
    </ClCompile>
    <ClCompile Include="$(MSBuildThisFileDirectory)..\..\User\Win32Emu\_imagelist.cpp">
      <Filter>Lib\User</Filter>
    </ClCompile>
    <ClCompile Include="$(MSBuildThisFileDirectory)..\..\User\WindowsSurface.cpp">
      <Filter>Lib\User</Filter>
    </ClCompile>
    <ClCompile Include="$(MSBuildThisFileDirectory)..\..\User\WineCtrl\header.cpp">
      <Filter>Lib\User</Filter>
    </ClCompile>
    <ClCompile Include="$(MSBuildThisFileDirectory)..\..\User\WineCtrl\_Button.cpp">
      <Filter>Lib\User</Filter>
    </ClCompile>
    <ClCompile Include="$(MSBuildThisFileDirectory)..\..\User\WineCtrl\_combo.cpp">
      <Filter>Lib\User</Filter>
    </ClCompile>
    <ClCompile Include="$(MSBuildThisFileDirectory)..\..\User\WineCtrl\_draglist.cpp">
      <Filter>Lib\User</Filter>
    </ClCompile>
    <ClCompile Include="$(MSBuildThisFileDirectory)..\..\User\WineCtrl\_Edit.cpp">
      <Filter>Lib\User</Filter>
    </ClCompile>
    <ClCompile Include="$(MSBuildThisFileDirectory)..\..\User\WineCtrl\_Edit_1.3.30.cpp">
      <Filter>Lib\User</Filter>
    </ClCompile>
    <ClCompile Include="$(MSBuildThisFileDirectory)..\..\User\WineCtrl\_Edit_1.5.30.cpp">
      <Filter>Lib\User</Filter>
    </ClCompile>
    <ClCompile Include="$(MSBuildThisFileDirectory)..\..\User\WineCtrl\_header.cpp">
      <Filter>Lib\User</Filter>
    </ClCompile>
    <ClCompile Include="$(MSBuildThisFileDirectory)..\..\User\WineCtrl\_Listbox.cpp">
      <Filter>Lib\User</Filter>
    </ClCompile>
    <ClCompile Include="$(MSBuildThisFileDirectory)..\..\User\WineCtrl\_Listview.cpp">
      <Filter>Lib\User</Filter>
    </ClCompile>
    <ClCompile Include="$(MSBuildThisFileDirectory)..\..\User\WineCtrl\_Menu.cpp">
      <Filter>Lib\User</Filter>
    </ClCompile>
    <ClCompile Include="$(MSBuildThisFileDirectory)..\..\User\WineCtrl\_Menu_1.3.20.cpp">
      <Filter>Lib\User</Filter>
    </ClCompile>
    <ClCompile Include="$(MSBuildThisFileDirectory)..\..\User\WineCtrl\_Static.cpp">
      <Filter>Lib\User</Filter>
    </ClCompile>
    <ClCompile Include="$(MSBuildThisFileDirectory)..\..\User\WineCtrl\_toolbar.cpp">
      <Filter>Lib\User</Filter>
    </ClCompile>
    <ClCompile Include="$(MSBuildThisFileDirectory)..\..\User\WineCtrl\_tooltips.cpp">
      <Filter>Lib\User</Filter>
    </ClCompile>
    <ClCompile Include="$(MSBuildThisFileDirectory)..\..\User\WineCtrl\_treeview.cpp">
      <Filter>Lib\User</Filter>
    </ClCompile>
    <ClCompile Include="$(MSBuildThisFileDirectory)..\..\Utility\ConsoleAssistant.cpp">
      <Filter>Lib\Utility</Filter>
    </ClCompile>
    <ClCompile Include="$(MSBuildThisFileDirectory)..\..\Utility\GResourceImpl.cpp">
      <Filter>Lib\Utility</Filter>
    </ClCompile>
    <ClCompile Include="$(MSBuildThisFileDirectory)..\..\Utility\LogMgr.cpp">
      <Filter>Lib\Utility</Filter>
    </ClCompile>
    <ClCompile Include="$(MSBuildThisFileDirectory)..\..\Utility\MOKeyboardStaff.cpp">
      <Filter>Lib\Utility</Filter>
    </ClCompile>
    <ClCompile Include="$(MSBuildThisFileDirectory)..\..\Utility\MOLogger.cpp">
      <Filter>Lib\Utility</Filter>
    </ClCompile>
    <ClCompile Include="$(MSBuildThisFileDirectory)..\..\Utility\Shader\AeroShader.cpp">
      <Filter>Lib\Utility</Filter>
    </ClCompile>
    <ClCompile Include="$(MSBuildThisFileDirectory)..\..\Utility\Shader\BlurShader.cpp">
      <Filter>Lib\Utility</Filter>
    </ClCompile>
    <ClCompile Include="$(MSBuildThisFileDirectory)..\..\Utility\Shader\SimpleShader.cpp">
      <Filter>Lib\Utility</Filter>
    </ClCompile>
    <ClCompile Include="$(MSBuildThisFileDirectory)..\..\Utility\VertexDecl.cpp">
      <Filter>Lib\Utility</Filter>
    </ClCompile>
    <ClCompile Include="$(MSBuildThisFileDirectory)..\..\Platform\GXApp.cpp">
      <Filter>Platform</Filter>
    </ClCompile>
    <ClCompile Include="$(MSBuildThisFileDirectory)..\..\Platform\MOLauncher.cpp">
      <Filter>Platform</Filter>
    </ClCompile>
    <ClCompile Include="$(MSBuildThisFileDirectory)..\..\Platform\Win32_D3D11.cpp">
      <Filter>Platform</Filter>
    </ClCompile>
    <ClCompile Include="$(MSBuildThisFileDirectory)..\..\Platform\Win32_D3D9.cpp">
      <Filter>Platform</Filter>
    </ClCompile>
    <ClCompile Include="$(MSBuildThisFileDirectory)..\..\Platform\Win32_XXX.cpp">
      <Filter>Platform</Filter>
    </ClCompile>
    <ClCompile Include="$(MSBuildThisFileDirectory)..\..\Platform\Win32_D3D9\BasicShader_d3d9.cpp">
      <Filter>Platform\Win32_D3D9</Filter>
    </ClCompile>
    <ClCompile Include="$(MSBuildThisFileDirectory)..\..\Platform\Win32_D3D9\GPrimitiveImpl_d3d9.cpp">
      <Filter>Platform\Win32_D3D9</Filter>
    </ClCompile>
    <ClCompile Include="$(MSBuildThisFileDirectory)..\..\Platform\Win32_D3D9\GShaderImpl_d3d9.cpp">
      <Filter>Platform\Win32_D3D9</Filter>
    </ClCompile>
    <ClCompile Include="$(MSBuildThisFileDirectory)..\..\Platform\Win32_D3D9\GShaderStubImpl_d3d9.cpp">
      <Filter>Platform\Win32_D3D9</Filter>
    </ClCompile>
    <ClCompile Include="$(MSBuildThisFileDirectory)..\..\Platform\Win32_D3D9\GStateBlock_d3d9.cpp">
      <Filter>Platform\Win32_D3D9</Filter>
    </ClCompile>
    <ClCompile Include="$(MSBuildThisFileDirectory)..\..\Platform\Win32_D3D9\GTexture3DImpl_d3d9.cpp">
      <Filter>Platform\Win32_D3D9</Filter>
    </ClCompile>
    <ClCompile Include="$(MSBuildThisFileDirectory)..\..\Platform\Win32_D3D9\GTextureImpl_d3d9.cpp">
      <Filter>Platform\Win32_D3D9</Filter>
    </ClCompile>
    <ClCompile Include="$(MSBuildThisFileDirectory)..\..\Platform\Win32_D3D9\GVertexDeclImpl_d3d9.cpp">
      <Filter>Platform\Win32_D3D9</Filter>
    </ClCompile>
    <ClCompile Include="$(MSBuildThisFileDirectory)..\..\Platform\Win32_D3D9\GXCanvasImpl_d3d9.cpp">
      <Filter>Platform\Win32_D3D9</Filter>
    </ClCompile>
    <ClCompile Include="$(MSBuildThisFileDirectory)..\..\Platform\Win32_D3D9\GXGraphicsImpl_d3d9.cpp">
      <Filter>Platform\Win32_D3D9</Filter>
    </ClCompile>
    <ClCompile Include="$(MSBuildThisFileDirectory)..\..\Platform\Win32_D3D11\BasicShader_d3d11.cpp">
      <Filter>Platform\Win32_D3X11</Filter>
    </ClCompile>
    <ClCompile Include="$(MSBuildThisFileDirectory)..\..\Platform\Win32_D3D11\GPrimitiveImpl_d3d11.cpp">
      <Filter>Platform\Win32_D3X11</Filter>
    </ClCompile>
    <ClCompile Include="$(MSBuildThisFileDirectory)..\..\Platform\Win32_D3D11\GShaderImpl_d3d11.cpp">
      <Filter>Platform\Win32_D3X11</Filter>
    </ClCompile>
    <ClCompile Include="$(MSBuildThisFileDirectory)..\..\Platform\Win32_D3D11\GShaderStubImpl_d3d11.cpp">
      <Filter>Platform\Win32_D3X11</Filter>
    </ClCompile>
    <ClCompile Include="$(MSBuildThisFileDirectory)..\..\Platform\Win32_D3D11\GStateBlock_d3d11.cpp">
      <Filter>Platform\Win32_D3X11</Filter>
    </ClCompile>
    <ClCompile Include="$(MSBuildThisFileDirectory)..\..\Platform\Win32_D3D11\GTextureImpl_d3d11.cpp">
      <Filter>Platform\Win32_D3X11</Filter>
    </ClCompile>
    <ClCompile Include="$(MSBuildThisFileDirectory)..\..\Platform\Win32_D3D11\GVertexDeclImpl_d3d11.cpp">
      <Filter>Platform\Win32_D3X11</Filter>
    </ClCompile>
    <ClCompile Include="$(MSBuildThisFileDirectory)..\..\Platform\Win32_D3D11\GXCanvasImpl_d3d11.cpp">
      <Filter>Platform\Win32_D3X11</Filter>
    </ClCompile>
    <ClCompile Include="$(MSBuildThisFileDirectory)..\..\Platform\Win32_D3D11\GXGraphicsImpl_d3d11.cpp">
      <Filter>Platform\Win32_D3X11</Filter>
    </ClCompile>
    <ClCompile Include="$(MSBuildThisFileDirectory)..\..\Platform\CommonInline\GShaderImpl.cpp">
      <Filter>Platform\CommInline</Filter>
    </ClCompile>
    <ClCompile Include="$(MSBuildThisFileDirectory)..\..\Platform\CommonInline\GTextureImpl.cpp">
      <Filter>Platform\CommInline</Filter>
    </ClCompile>
  </ItemGroup>
  <ItemGroup>
    <None Include="$(MSBuildThisFileDirectory)..\..\Canvas\GXCanvas3DImpl.inl">
      <Filter>Lib\Canvas</Filter>
    </None>
    <None Include="$(MSBuildThisFileDirectory)..\..\Canvas\GXCanvasCoreImpl.inl">
      <Filter>Lib\Canvas</Filter>
    </None>
    <None Include="$(MSBuildThisFileDirectory)..\..\Canvas\GXCanvasImpl_ClassDecl.inl">
      <Filter>Lib\Canvas</Filter>
    </None>
    <None Include="$(MSBuildThisFileDirectory)..\..\Canvas\GXCanvas_Text.inl">
      <Filter>Lib\Canvas</Filter>
    </None>
    <None Include="$(MSBuildThisFileDirectory)..\..\User\Win32Emu\GUXTheme.inl">
      <Filter>Lib\User</Filter>
    </None>
    <None Include="$(MSBuildThisFileDirectory)..\..\Platform\CommonInline\D3D_ShaderImpl.inl">
      <Filter>Platform\CommInline</Filter>
    </None>
    <None Include="$(MSBuildThisFileDirectory)..\..\Platform\CommonInline\D3D_ShaderStubImpl.inl">
      <Filter>Platform\CommInline</Filter>
    </None>
    <None Include="$(MSBuildThisFileDirectory)..\..\Platform\CommonInline\GStateBlock.inl">
      <Filter>Platform\CommInline</Filter>
    </None>
    <None Include="$(MSBuildThisFileDirectory)..\..\Platform\CommonInline\GXCanvasImpl.inl">
      <Filter>Platform\CommInline</Filter>
    </None>
    <None Include="$(MSBuildThisFileDirectory)..\..\Platform\CommonInline\GXCanvasImpl_DrawTexture.inl">
      <Filter>Platform\CommInline</Filter>
    </None>
    <None Include="$(MSBuildThisFileDirectory)..\..\Platform\CommonInline\GXGraphicsImpl.inl">
      <Filter>Platform\CommInline</Filter>
    </None>
    <None Include="$(MSBuildThisFileDirectory)..\..\Platform\CommonInline\GXGraphicsImpl_ClassDecl.inl">
      <Filter>Platform\CommInline</Filter>
    </None>
    <None Include="$(MSBuildThisFileDirectory)..\..\Platform\CommonInline\GXGraphicsImpl_Inline.inl">
      <Filter>Platform\CommInline</Filter>
    </None>
    <None Include="$(MSBuildThisFileDirectory)..\..\Platform\CommonInline\OGL_GraphicsImpl.inl">
      <Filter>Platform\CommInline</Filter>
    </None>
    <None Include="$(MSBuildThisFileDirectory)..\..\Platform\CommonInline\OGL_Primitive.inl">
      <Filter>Platform\CommInline</Filter>
    </None>
    <None Include="$(MSBuildThisFileDirectory)..\..\Platform\CommonInline\OGL_StateBlock.inl">
      <Filter>Platform\CommInline</Filter>
    </None>
    <None Include="$(MSBuildThisFileDirectory)..\..\Platform\CommonInline\OGL_TextureImpl.inl">
      <Filter>Platform\CommInline</Filter>
    </None>
    <None Include="$(MSBuildThisFileDirectory)..\..\Platform\CommonInline\X_ShaderImpl.inl">
      <Filter>Platform\CommInline</Filter>
    </None>
    <None Include="$(MSBuildThisFileDirectory)..\..\Platform\Readme.txt" />
  </ItemGroup>
  <ItemGroup>
    <CustomBuild Include="$(MSBuildThisFileDirectory)..\..\Utility\HLSL\Aero.fx" />
    <CustomBuild Include="$(MSBuildThisFileDirectory)..\..\Utility\HLSL\Simple.fx" />
  </ItemGroup>
</Project>