<?xml version="1.0" encoding="utf-8"?>
<Project ToolsVersion="4.0" xmlns="http://schemas.microsoft.com/developer/msbuild/2003">
  <ItemGroup>
    <ClCompile Include="..\..\FloatX.cpp" />
    <ClCompile Include="..\..\User32Ex.cpp" />
    <ClCompile Include="..\..\Smart\smartstream.cpp">
      <Filter>Smart</Filter>
    </ClCompile>
    <ClCompile Include="..\..\clTree.cpp" />
    <ClCompile Include="..\..\3D\Camera.cpp">
      <Filter>3D</Filter>
    </ClCompile>
    <ClCompile Include="..\..\3D\Geometry.cpp">
      <Filter>3D</Filter>
    </ClCompile>
    <ClCompile Include="..\..\3D\GeoOp.cpp">
      <Filter>3D</Filter>
    </ClCompile>
    <ClCompile Include="..\..\clAllocator.cpp" />
    <ClCompile Include="..\..\clString.cpp" />
    <ClCompile Include="..\..\Else\casemap.cpp">
      <Filter>Else</Filter>
    </ClCompile>
    <ClCompile Include="..\..\clUtility.cpp" />
    <ClCompile Include="..\..\Else\ecvt.cpp">
      <Filter>Else</Filter>
    </ClCompile>
    <ClCompile Include="..\..\clColorSpace.cpp" />
    <ClCompile Include="..\..\Smart\SmartRepository.cpp">
      <Filter>Smart</Filter>
    </ClCompile>
    <ClCompile Include="..\..\third_party\crypt\crypt_arc4.cpp">
      <Filter>crypt</Filter>
    </ClCompile>
    <ClCompile Include="..\..\third_party\crypt\crypt_des.cpp">
      <Filter>crypt</Filter>
    </ClCompile>
    <ClCompile Include="..\..\third_party\crypt\crypt_lmhash.cpp">
      <Filter>crypt</Filter>
    </ClCompile>
    <ClCompile Include="..\..\third_party\crypt\crypt_md5.cpp">
      <Filter>crypt</Filter>
    </ClCompile>
    <ClCompile Include="..\..\third_party\crypt\crypt_sha.cpp">
      <Filter>crypt</Filter>
    </ClCompile>
    <ClCompile Include="..\..\clCompress.cpp" />
    <ClCompile Include="..\..\clTransform.cpp" />
    <ClCompile Include="..\..\clQuaternion.cpp" />
    <ClCompile Include="..\..\clMatrix.cpp" />
    <ClCompile Include="..\..\clCrypt.cpp" />
    <ClCompile Include="..\..\Socket\clSocketServer.cpp">
      <Filter>Socket</Filter>
    </ClCompile>
    <ClCompile Include="..\..\Thread\clSignal.cpp">
      <Filter>Thread</Filter>
    </ClCompile>
    <ClCompile Include="..\..\Socket\clSocketClient.cpp">
      <Filter>Socket</Filter>
    </ClCompile>
    <ClCompile Include="..\..\Thread\clThreadQueue.cpp">
      <Filter>Thread</Filter>
    </ClCompile>
    <ClCompile Include="..\..\clPathFile.cpp" />
    <ClCompile Include="..\..\PrimeNum.cpp" />
    <ClCompile Include="..\..\clImage.cpp" />
    <ClCompile Include="..\..\clMesh.cpp" />
    <ClCompile Include="..\..\thread\clMessageThread.cpp">
      <Filter>Thread</Filter>
    </ClCompile>
    <ClCompile Include="..\..\thread\clLocker.cpp">
      <Filter>Thread</Filter>
    </ClCompile>
    <ClCompile Include="..\..\thread\clTracingLocker.cpp">
      <Filter>Thread</Filter>
    </ClCompile>
    <ClCompile Include="..\..\clfifo.cpp" />
    <ClCompile Include="..\..\thread\clThread.cpp">
      <Filter>Thread</Filter>
    </ClCompile>
    <ClCompile Include="..\..\clGeometry2D.cpp" />
    <ClCompile Include="..\..\clStock.cpp" />
    <ClCompile Include="..\..\clTokens.cpp" />
    <ClCompile Include="..\..\clRepository.cpp" />
    <ClCompile Include="..\..\socket\clSocket.cpp">
      <Filter>Socket</Filter>
    </ClCompile>
    <ClCompile Include="..\..\clFile.cpp" />
    <ClCompile Include="..\..\clstd.cpp" />
    <ClCompile Include="..\..\clBuffer.cpp" />
    <ClCompile Include="..\..\clImageDecoder.cpp" />
    <ClCompile Include="..\..\clStringAttach.cpp" />
    <ClCompile Include="..\..\clSchedule.cpp" />
  </ItemGroup>
  <ItemGroup>
    <ClInclude Include="..\..\clFile.h" />
    <ClInclude Include="..\..\clstd.h" />
    <ClInclude Include="..\..\floatx.h" />
    <ClInclude Include="..\..\User32Ex.h" />
    <ClInclude Include="..\..\Smart\smartstream.h">
      <Filter>Smart</Filter>
    </ClInclude>
    <ClInclude Include="..\..\clMemory.h" />
    <ClInclude Include="..\..\clString.h" />
    <ClInclude Include="..\..\clTree.h" />
    <ClInclude Include="..\..\3D\Camera.h">
      <Filter>3D</Filter>
    </ClInclude>
    <ClInclude Include="..\..\3D\Geometry.h">
      <Filter>3D</Filter>
    </ClInclude>
    <ClInclude Include="..\..\3D\GeoOp.h">
      <Filter>3D</Filter>
    </ClInclude>
    <ClInclude Include="..\..\clAllocator.h" />
    <ClInclude Include="..\..\cltypes.h" />
    <ClInclude Include="..\..\3D\cl3d.h">
      <Filter>3D</Filter>
    </ClInclude>
    <ClInclude Include="..\..\clUtility.h" />
    <ClInclude Include="..\..\clColorSpace.h" />
    <ClInclude Include="..\..\clMathVector.h" />
    <ClInclude Include="..\..\Smart\SmartRepository.h">
      <Filter>Smart</Filter>
    </ClInclude>
    <ClInclude Include="..\..\clCrypt.h" />
    <ClInclude Include="..\..\clCompress.h" />
    <ClInclude Include="..\..\clTransform.h" />
    <ClInclude Include="..\..\clQuaternion.h" />
    <ClInclude Include="..\..\clMatrix.h" />
    <ClInclude Include="..\..\Socket\clSocketServer.h">
      <Filter>Socket</Filter>
    </ClInclude>
    <ClInclude Include="..\..\Thread\clSignal.h">
      <Filter>Thread</Filter>
    </ClInclude>
    <ClInclude Include="..\..\Socket\clSocketClient.h">
      <Filter>Socket</Filter>
    </ClInclude>
    <ClInclude Include="..\..\Socket\clSocket.h">
      <Filter>Socket</Filter>
    </ClInclude>
    <ClInclude Include="..\..\Thread\clThreadQueue.h">
      <Filter>Thread</Filter>
    </ClInclude>
    <ClInclude Include="..\..\clPathFile.h" />
    <ClInclude Include="..\..\clImage.h" />
    <ClInclude Include="..\..\clMesh.h" />
    <ClInclude Include="..\..\clTextLines.h" />
    <ClInclude Include="..\..\clStringSet.h" />
    <ClInclude Include="..\..\clMathExpressionParser.h" />
    <ClInclude Include="..\..\thread\clMessageThread.h">
      <Filter>Thread</Filter>
    </ClInclude>
    <ClInclude Include="..\..\thread\clLocker.h">
      <Filter>Thread</Filter>
    </ClInclude>
    <ClInclude Include="..\..\thread\clTracingLocker.h">
      <Filter>Thread</Filter>
    </ClInclude>
    <ClInclude Include="..\..\clfifo.h" />
    <ClInclude Include="..\..\thread\clThread.h">
      <Filter>Thread</Filter>
    </ClInclude>
    <ClInclude Include="..\..\clGeometry2D.h" />
    <ClInclude Include="..\..\clStaticStringsDict.h" />
    <ClInclude Include="..\..\clStock.h" />
    <ClInclude Include="..\..\clTokens.h" />
    <ClInclude Include="..\..\clRepository.h" />
    <ClInclude Include="..\..\clBuffer.h" />
    <ClInclude Include="..\..\clImageDecoder.h" />
    <ClInclude Include="..\..\clStringAttach.h" />
    <ClInclude Include="..\..\clStringCommon.hxx" />
    <ClInclude Include="..\..\clSchedule.h" />
  </ItemGroup>
  <ItemGroup>
    <Filter Include="Smart">
      <UniqueIdentifier>{15d71ae8-dac2-4eb5-b5a6-ffe41ca68f08}</UniqueIdentifier>
    </Filter>
    <Filter Include="3D">
      <UniqueIdentifier>{d1d72f95-b4a1-46f8-a6f9-210602b8d4d8}</UniqueIdentifier>
    </Filter>
    <Filter Include="Else">
      <UniqueIdentifier>{9455df22-fc26-405b-b647-e5d2b820e636}</UniqueIdentifier>
    </Filter>
    <Filter Include="crypt">
      <UniqueIdentifier>{aad52853-1bdf-4044-b797-0421e0f455e2}</UniqueIdentifier>
    </Filter>
    <Filter Include="Socket">
      <UniqueIdentifier>{99c5b2dc-798d-4a22-ba51-2fd9ffca34e3}</UniqueIdentifier>
    </Filter>
    <Filter Include="Thread">
      <UniqueIdentifier>{51e74487-2d49-44d7-886a-3cea4e35c5a1}</UniqueIdentifier>
    </Filter>
  </ItemGroup>
  <ItemGroup>
    <None Include="..\..\third_party\crypt\COPYRIGHT.txt">
      <Filter>crypt</Filter>
    </None>
  </ItemGroup>
  <ItemGroup>
    <MASM Include="..\..\clstd_x64.asm" />
  </ItemGroup>
</Project>